
Microsoft Visual Studio Solution File, Format Version 12.00
# Visual Studio Version 17
VisualStudioVersion = 17.2.32519.379
MinimumVisualStudioVersion = 10.0.40219.1
Project("{9A19103F-16F7-4668-BE54-9A1E7A4F7556}") = "personal-vocab.API", "personal-vocab.API.csproj", "{7F5E2A26-A304-41C8-B2A6-B305542E84AB}"
EndProject
Project("{9A19103F-16F7-4668-BE54-9A1E7A4F7556}") = "personal-vocab.DAL", "..\personal-vocab.DAL\personal-vocab.DAL.csproj", "{C1C28A2D-BEA2-4D21-BAAD-FAD4AC6BA344}"
EndProject
Global
	GlobalSection(SolutionConfigurationPlatforms) = preSolution
		Debug|Any CPU = Debug|Any CPU
		Release|Any CPU = Release|Any CPU
	EndGlobalSection
	GlobalSection(ProjectConfigurationPlatforms) = postSolution
		{7F5E2A26-A304-41C8-B2A6-B305542E84AB}.Debug|Any CPU.ActiveCfg = Debug|Any CPU
		{7F5E2A26-A304-41C8-B2A6-B305542E84AB}.Debug|Any CPU.Build.0 = Debug|Any CPU
		{7F5E2A26-A304-41C8-B2A6-B305542E84AB}.Release|Any CPU.ActiveCfg = Release|Any CPU
		{7F5E2A26-A304-41C8-B2A6-B305542E84AB}.Release|Any CPU.Build.0 = Release|Any CPU
		{C1C28A2D-BEA2-4D21-BAAD-FAD4AC6BA344}.Debug|Any CPU.ActiveCfg = Debug|Any CPU
		{C1C28A2D-BEA2-4D21-BAAD-FAD4AC6BA344}.Debug|Any CPU.Build.0 = Debug|Any CPU
		{C1C28A2D-BEA2-4D21-BAAD-FAD4AC6BA344}.Release|Any CPU.ActiveCfg = Release|Any CPU
		{C1C28A2D-BEA2-4D21-BAAD-FAD4AC6BA344}.Release|Any CPU.Build.0 = Release|Any CPU
	EndGlobalSection
	GlobalSection(SolutionProperties) = preSolution
		HideSolutionNode = FALSE
	EndGlobalSection
	GlobalSection(ExtensibilityGlobals) = postSolution
		SolutionGuid = {08343846-69BF-4EC2-BD98-5EC2132F150F}
	EndGlobalSection
EndGlobal
